<?xml version="1.0" encoding="utf-8"?>
<Project ToolsVersion="4.0" xmlns="http://schemas.microsoft.com/developer/msbuild/2003">
  <ItemGroup>
    <Filter Include="ソース ファイル">
      <UniqueIdentifier>{4FC737F1-C7A5-4376-A066-2A32D752A2FF}</UniqueIdentifier>
      <Extensions>cpp;c;cc;cxx;c++;cppm;ixx;def;odl;idl;hpj;bat;asm;asmx</Extensions>
    </Filter>
    <Filter Include="ヘッダー ファイル">
      <UniqueIdentifier>{93995380-89BD-4b04-88EB-625FBE52EBFB}</UniqueIdentifier>
      <Extensions>h;hh;hpp;hxx;h++;hm;inl;inc;ipp;xsd</Extensions>
    </Filter>
    <Filter Include="リソース ファイル">
      <UniqueIdentifier>{67DA6AB6-F800-4c08-8B7A-83BB121AAD01}</UniqueIdentifier>
      <Extensions>rc;ico;cur;bmp;dlg;rc2;rct;bin;rgs;gif;jpg;jpeg;jpe;resx;tiff;tif;png;wav;mfcribbon-ms</Extensions>
    </Filter>
    <Filter Include="ソース ファイル\VSTFrame">
      <UniqueIdentifier>{af71f810-ad75-4419-ab5c-37c9a599660e}</UniqueIdentifier>
    </Filter>
    <Filter Include="ヘッダー ファイル\util">
      <UniqueIdentifier>{d8555c55-9108-4aad-9676-e3e9afeddf6c}</UniqueIdentifier>
    </Filter>
    <Filter Include="ヘッダー ファイル\VSTFrame">
      <UniqueIdentifier>{ce9da584-847b-4cbe-b47b-4f9fcc6ece0b}</UniqueIdentifier>
    </Filter>
    <Filter Include="ソース ファイル\VarjoExample">
      <UniqueIdentifier>{176e4f38-32cc-4e7c-a3ab-de220f3cbd7b}</UniqueIdentifier>
    </Filter>
    <Filter Include="ヘッダー ファイル\VarjoExample">
      <UniqueIdentifier>{01b4f377-aada-42a6-87e6-cada401736bc}</UniqueIdentifier>
    </Filter>
    <Filter Include="ソース ファイル\FrameInfo">
      <UniqueIdentifier>{2c2aa9ea-9bd2-47ce-b0b7-a80fa73a5d17}</UniqueIdentifier>
    </Filter>
    <Filter Include="ソース ファイル\EyeTracking">
      <UniqueIdentifier>{dbdabd31-0efa-4926-b6ca-b713ecaf6bfa}</UniqueIdentifier>
    </Filter>
    <Filter Include="ヘッダー ファイル\EyeTracking">
      <UniqueIdentifier>{5d7b548f-860c-4f51-aa1e-347e46073413}</UniqueIdentifier>
    </Filter>
    <Filter Include="ヘッダー ファイル\FrameInfo">
      <UniqueIdentifier>{da65f85f-c4ff-49a7-a898-3c5db1d72b44}</UniqueIdentifier>
    </Filter>
    <Filter Include="ソース ファイル\Timestamp">
      <UniqueIdentifier>{1d57ead1-1a41-4a3d-95ee-2ec343c3688c}</UniqueIdentifier>
    </Filter>
    <Filter Include="ヘッダー ファイル\Timestamp">
      <UniqueIdentifier>{f17d6df7-729d-4629-bfd5-0e64c410a9b2}</UniqueIdentifier>
    </Filter>
    <Filter Include="ソース ファイル\EyeCam">
      <UniqueIdentifier>{9035f83c-acd8-46a0-8e17-51917b361f4b}</UniqueIdentifier>
    </Filter>
    <Filter Include="ヘッダー ファイル\EyeCam">
      <UniqueIdentifier>{f6666e77-4abf-4583-b824-41e454f54803}</UniqueIdentifier>
    </Filter>
  </ItemGroup>
  <ItemGroup>
    <ClCompile Include="main.cpp">
      <Filter>ソース ファイル</Filter>
    </ClCompile>
    <ClCompile Include="VarjoDataStreamServer.cpp">
      <Filter>ソース ファイル\VSTFrame</Filter>
    </ClCompile>
    <ClCompile Include="VarjoVSTFrame\VarjoVSTCamStreamer.cpp">
      <Filter>ソース ファイル\VSTFrame</Filter>
    </ClCompile>
    <ClCompile Include="VarjoVSTFrame\VarjoVSTMetadataWriter.cpp">
      <Filter>ソース ファイル\VSTFrame</Filter>
    </ClCompile>
    <ClCompile Include="VarjoVSTFrame\VarjoVSTVideoPreviewer.cpp">
      <Filter>ソース ファイル\VSTFrame</Filter>
    </ClCompile>
    <ClCompile Include="VarjoVSTFrame\VarjoVSTVideoWriter.cpp">
      <Filter>ソース ファイル\VSTFrame</Filter>
    </ClCompile>
    <ClCompile Include="VarjoVSTFrame\VarjoVSTFrameDispatcher.cpp">
      <Filter>ソース ファイル\VSTFrame</Filter>
    </ClCompile>
    <ClCompile Include="VarjoVSTFrame\VSTFrameDataLogger.cpp">
      <Filter>ソース ファイル\VSTFrame</Filter>
    </ClCompile>
    <ClCompile Include="util\PerformanceChecker.cpp">
      <Filter>ソース ファイル</Filter>
    </ClCompile>
    <ClCompile Include="VarjoExample\DataStreamer.cpp">
      <Filter>ソース ファイル\VarjoExample</Filter>
    </ClCompile>
    <ClCompile Include="VarjoExample\Globals.cpp">
      <Filter>ソース ファイル\VarjoExample</Filter>
    </ClCompile>
    <ClCompile Include="VarjoExample\Session.cpp">
      <Filter>ソース ファイル\VarjoExample</Filter>
    </ClCompile>
    <ClCompile Include="VarjoExample\Undistorter.cpp">
      <Filter>ソース ファイル\VarjoExample</Filter>
    </ClCompile>
    <ClCompile Include="VarjoExample\GazeTracking.cpp">
      <Filter>ソース ファイル\VarjoExample</Filter>
    </ClCompile>
    <ClCompile Include="VarjoEyeTracking\EyeTrackingDataCsvWriter.cpp">
      <Filter>ソース ファイル\EyeTracking</Filter>
    </ClCompile>
    <ClCompile Include="VarjoEyeTracking\EyeTrackingDataLogger.cpp">
      <Filter>ソース ファイル\EyeTracking</Filter>
    </ClCompile>
    <ClCompile Include="VarjoFrameInfo\FrameInfoDataStreamer.cpp">
      <Filter>ソース ファイル\FrameInfo</Filter>
    </ClCompile>
    <ClCompile Include="VarjoExample\SyncView.cpp">
      <Filter>ソース ファイル\VarjoExample</Filter>
    </ClCompile>
    <ClCompile Include="VarjoExample\HeadlessView.cpp">
      <Filter>ソース ファイル\VarjoExample</Filter>
    </ClCompile>
    <ClCompile Include="VarjoEyeTracking\EyeTrackingDataStreamer.cpp">
      <Filter>ソース ファイル\EyeTracking</Filter>
    </ClCompile>
    <ClCompile Include="VarjoFrameInfo\FrameInfoDataCsvWriter.cpp">
      <Filter>ソース ファイル\FrameInfo</Filter>
    </ClCompile>
    <ClCompile Include="VarjoFrameInfo\FrameInfoDataLogger.cpp">
      <Filter>ソース ファイル\FrameInfo</Filter>
    </ClCompile>
    <ClCompile Include="VarjoTimestamp\TimestampCsvWriter.cpp">
      <Filter>ソース ファイル\Timestamp</Filter>
    </ClCompile>
    <ClCompile Include="VarjoTimestamp\TimestampDataLogger.cpp">
      <Filter>ソース ファイル\Timestamp</Filter>
    </ClCompile>
    <ClCompile Include="VarjoTimestamp\TimestampDataStreamer.cpp">
      <Filter>ソース ファイル\Timestamp</Filter>
    </ClCompile>
    <ClCompile Include="VarjoEyeCam\EyeCamDataStreamer.cpp">
      <Filter>ソース ファイル\EyeCam</Filter>
    </ClCompile>
    <ClCompile Include="VarjoEyeCam\EyeCamVideoWriter.cpp">
      <Filter>ソース ファイル\EyeCam</Filter>
    </ClCompile>
    <ClCompile Include="VarjoEyeCam\EyeCamVideoPreviewer.cpp">
      <Filter>ソース ファイル\EyeCam</Filter>
    </ClCompile>
  </ItemGroup>
  <ItemGroup>
    <ClInclude Include="util\filesystem_util.hpp">
      <Filter>ヘッダー ファイル\util</Filter>
    </ClInclude>
    <ClInclude Include="util\struct_json_io.hpp">
      <Filter>ヘッダー ファイル\util</Filter>
    </ClInclude>
    <ClInclude Include="util\vec_util.hpp">
      <Filter>ヘッダー ファイル\util</Filter>
    </ClInclude>
    <ClInclude Include="VarjoVSTFrame\varjo_vst_frame_type.hpp">
      <Filter>ヘッダー ファイル\VSTFrame</Filter>
    </ClInclude>
    <ClInclude Include="VarjoVSTFrame\VarjoVSTCamStreamer.hpp">
      <Filter>ヘッダー ファイル\VSTFrame</Filter>
    </ClInclude>
    <ClInclude Include="VarjoVSTFrame\VarjoVSTMetadataWriter.hpp">
      <Filter>ヘッダー ファイル\VSTFrame</Filter>
    </ClInclude>
    <ClInclude Include="VarjoVSTFrame\VarjoVSTVideoPreviewer.hpp">
      <Filter>ヘッダー ファイル\VSTFrame</Filter>
    </ClInclude>
    <ClInclude Include="VarjoVSTFrame\VarjoVSTVideoWriter.hpp">
      <Filter>ヘッダー ファイル\VSTFrame</Filter>
    </ClInclude>
    <ClInclude Include="VarjoVSTFrame\VarjoVSTFrameDispatcher.hpp">
      <Filter>ヘッダー ファイル\VSTFrame</Filter>
    </ClInclude>
    <ClInclude Include="VarjoVSTFrame\VSTFrameDataLogger.hpp">
      <Filter>ヘッダー ファイル\VSTFrame</Filter>
    </ClInclude>
    <ClInclude Include="VarjoVSTFrame\ISubmitFrame.hpp">
      <Filter>ヘッダー ファイル\VSTFrame</Filter>
    </ClInclude>
    <ClInclude Include="util\BorrowedOrOwned.hpp">
      <Filter>ヘッダー ファイル\util</Filter>
    </ClInclude>
    <ClInclude Include="VarjoVSTFrame\utility.hpp">
      <Filter>ヘッダー ファイル\VSTFrame</Filter>
    </ClInclude>
    <ClInclude Include="util\PerformanceChecker.hpp">
      <Filter>ヘッダー ファイル</Filter>
    </ClInclude>
    <ClInclude Include="VarjoExample\DataStreamer.hpp">
      <Filter>ヘッダー ファイル\VarjoExample</Filter>
    </ClInclude>
    <ClInclude Include="VarjoExample\Globals.hpp">
      <Filter>ヘッダー ファイル\VarjoExample</Filter>
    </ClInclude>
    <ClInclude Include="VarjoExample\Session.hpp">
      <Filter>ヘッダー ファイル\VarjoExample</Filter>
    </ClInclude>
    <ClInclude Include="VarjoExample\Undistorter.hpp">
      <Filter>ヘッダー ファイル\VarjoExample</Filter>
    </ClInclude>
    <ClInclude Include="VarjoExample\GazeTracking.hpp">
      <Filter>ヘッダー ファイル\VarjoExample</Filter>
    </ClInclude>
    <ClInclude Include="VarjoEyeTracking\ISubmit.hpp">
      <Filter>ヘッダー ファイル\EyeTracking</Filter>
    </ClInclude>
    <ClInclude Include="VarjoEyeTracking\EyeTrackingDataCsvWriter.hpp">
      <Filter>ヘッダー ファイル\EyeTracking</Filter>
    </ClInclude>
    <ClInclude Include="VarjoEyeTracking\EyeTrackingDataLogger.hpp">
      <Filter>ヘッダー ファイル\EyeTracking</Filter>
    </ClInclude>
    <ClInclude Include="VarjoFrameInfo\FrameInfo_types.hpp">
      <Filter>ヘッダー ファイル\FrameInfo</Filter>
    </ClInclude>
    <ClInclude Include="VarjoFrameInfo\FrameInfoDataStreamer.hpp">
      <Filter>ヘッダー ファイル\FrameInfo</Filter>
    </ClInclude>
    <ClInclude Include="VarjoExample\HeadlessView.hpp">
      <Filter>ヘッダー ファイル\VarjoExample</Filter>
    </ClInclude>
    <ClInclude Include="VarjoExample\SyncView.hpp">
      <Filter>ヘッダー ファイル\VarjoExample</Filter>
    </ClInclude>
    <ClInclude Include="VarjoEyeTracking\EyeTracking_types.hpp">
      <Filter>ヘッダー ファイル\EyeTracking</Filter>
    </ClInclude>
    <ClInclude Include="VarjoEyeTracking\EyeTrackingDataStreamer.hpp">
      <Filter>ヘッダー ファイル\EyeTracking</Filter>
    </ClInclude>
    <ClInclude Include="util\to_string.hpp">
      <Filter>ヘッダー ファイル\util</Filter>
    </ClInclude>
    <ClInclude Include="VarjoDataStreamServer.hpp">
      <Filter>ヘッダー ファイル</Filter>
    </ClInclude>
    <ClInclude Include="VarjoFrameInfo\FrameInfoDataCsvWriter.hpp">
      <Filter>ヘッダー ファイル\FrameInfo</Filter>
    </ClInclude>
    <ClInclude Include="VarjoFrameInfo\ISubmitFrameInfo.hpp">
      <Filter>ヘッダー ファイル\FrameInfo</Filter>
    </ClInclude>
    <ClInclude Include="VarjoFrameInfo\FrameInfoDataLogger.hpp">
      <Filter>ヘッダー ファイル\FrameInfo</Filter>
    </ClInclude>
    <ClInclude Include="VarjoTimestamp\TimestampCsvWriter.hpp">
      <Filter>ヘッダー ファイル\Timestamp</Filter>
    </ClInclude>
    <ClInclude Include="VarjoTimestamp\TimestampDataLogger.hpp">
      <Filter>ヘッダー ファイル\Timestamp</Filter>
    </ClInclude>
    <ClInclude Include="VarjoTimestamp\TimestampDataStreamer.hpp">
      <Filter>ヘッダー ファイル\Timestamp</Filter>
    </ClInclude>
    <ClInclude Include="VarjoTimestamp\Timestamp_types.hpp">
      <Filter>ヘッダー ファイル\Timestamp</Filter>
    </ClInclude>
    <ClInclude Include="VarjoTimestamp\ISubmitTimestamp.hpp">
      <Filter>ヘッダー ファイル\Timestamp</Filter>
    </ClInclude>
    <ClInclude Include="VarjoEyeCam\EyeCam_types.hpp">
      <Filter>ヘッダー ファイル\EyeCam</Filter>
    </ClInclude>
    <ClInclude Include="VarjoEyeCam\EyeCam_util.hpp">
      <Filter>ヘッダー ファイル\EyeCam</Filter>
    </ClInclude>
    <ClInclude Include="VarjoEyeCam\EyeCamDataStreamer.hpp">
      <Filter>ヘッダー ファイル\EyeCam</Filter>
    </ClInclude>
    <ClInclude Include="VarjoEyeCam\EyeCamVideoWriter.hpp">
      <Filter>ヘッダー ファイル\EyeCam</Filter>
    </ClInclude>
    <ClInclude Include="VarjoEyeCam\ISubmitEyeCam.hpp">
      <Filter>ヘッダー ファイル\EyeCam</Filter>
    </ClInclude>
    <ClInclude Include="VarjoEyeCam\EyeCamVideoPreviewer.hpp">
      <Filter>ヘッダー ファイル\EyeCam</Filter>
    </ClInclude>
  </ItemGroup>
</Project>