<?xml version="1.0" encoding="utf-8"?>
<Project ToolsVersion="4.0" xmlns="http://schemas.microsoft.com/developer/msbuild/2003">
  <ItemGroup>
    <Filter Include="ソース ファイル">
      <UniqueIdentifier>{4FC737F1-C7A5-4376-A066-2A32D752A2FF}</UniqueIdentifier>
      <Extensions>cpp;c;cc;cxx;c++;cppm;ixx;def;odl;idl;hpj;bat;asm;asmx</Extensions>
    </Filter>
    <Filter Include="ヘッダー ファイル">
      <UniqueIdentifier>{93995380-89BD-4b04-88EB-625FBE52EBFB}</UniqueIdentifier>
      <Extensions>h;hh;hpp;hxx;h++;hm;inl;inc;ipp;xsd</Extensions>
    </Filter>
    <Filter Include="リソース ファイル">
      <UniqueIdentifier>{67DA6AB6-F800-4c08-8B7A-83BB121AAD01}</UniqueIdentifier>
      <Extensions>rc;ico;cur;bmp;dlg;rc2;rct;bin;rgs;gif;jpg;jpeg;jpe;resx;tiff;tif;png;wav;mfcribbon-ms</Extensions>
    </Filter>
    <Filter Include="ソース ファイル\VSTFrame">
      <UniqueIdentifier>{af71f810-ad75-4419-ab5c-37c9a599660e}</UniqueIdentifier>
    </Filter>
    <Filter Include="ヘッダー ファイル\util">
      <UniqueIdentifier>{d8555c55-9108-4aad-9676-e3e9afeddf6c}</UniqueIdentifier>
    </Filter>
    <Filter Include="ヘッダー ファイル\VSTFrame">
      <UniqueIdentifier>{ce9da584-847b-4cbe-b47b-4f9fcc6ece0b}</UniqueIdentifier>
    </Filter>
    <Filter Include="ソース ファイル\VarjoExample">
      <UniqueIdentifier>{176e4f38-32cc-4e7c-a3ab-de220f3cbd7b}</UniqueIdentifier>
    </Filter>
    <Filter Include="ヘッダー ファイル\VarjoExample">
      <UniqueIdentifier>{01b4f377-aada-42a6-87e6-cada401736bc}</UniqueIdentifier>
    </Filter>
    <Filter Include="ソース ファイル\VarjoEyeTracking">
      <UniqueIdentifier>{dbdabd31-0efa-4926-b6ca-b713ecaf6bfa}</UniqueIdentifier>
    </Filter>
    <Filter Include="ヘッダー ファイル\VarjoEyeTracking">
      <UniqueIdentifier>{5d7b548f-860c-4f51-aa1e-347e46073413}</UniqueIdentifier>
    </Filter>
  </ItemGroup>
  <ItemGroup>
    <ClCompile Include="main.cpp">
      <Filter>ソース ファイル</Filter>
    </ClCompile>
    <ClCompile Include="VarjoDataStreamServer.cpp">
      <Filter>ソース ファイル\VSTFrame</Filter>
    </ClCompile>
    <ClCompile Include="VarjoVSTFrame\VarjoVSTCamStreamer.cpp">
      <Filter>ソース ファイル\VSTFrame</Filter>
    </ClCompile>
    <ClCompile Include="VarjoVSTFrame\VarjoVSTMetadataWriter.cpp">
      <Filter>ソース ファイル\VSTFrame</Filter>
    </ClCompile>
    <ClCompile Include="VarjoVSTFrame\VarjoVSTVideoPreviewer.cpp">
      <Filter>ソース ファイル\VSTFrame</Filter>
    </ClCompile>
    <ClCompile Include="VarjoVSTFrame\VarjoVSTVideoWriter.cpp">
      <Filter>ソース ファイル\VSTFrame</Filter>
    </ClCompile>
    <ClCompile Include="VarjoVSTFrame\VarjoVSTFrameDispatcher.cpp">
      <Filter>ソース ファイル\VSTFrame</Filter>
    </ClCompile>
    <ClCompile Include="VarjoVSTFrame\DataLogger.cpp">
      <Filter>ソース ファイル\VSTFrame</Filter>
    </ClCompile>
    <ClCompile Include="util\PerformanceChecker.cpp">
      <Filter>ソース ファイル</Filter>
    </ClCompile>
    <ClCompile Include="VarjoExample\DataStreamer.cpp">
      <Filter>ソース ファイル\VarjoExample</Filter>
    </ClCompile>
    <ClCompile Include="VarjoExample\Globals.cpp">
      <Filter>ソース ファイル\VarjoExample</Filter>
    </ClCompile>
    <ClCompile Include="VarjoExample\Session.cpp">
      <Filter>ソース ファイル\VarjoExample</Filter>
    </ClCompile>
    <ClCompile Include="VarjoExample\Undistorter.cpp">
      <Filter>ソース ファイル\VarjoExample</Filter>
    </ClCompile>
    <ClCompile Include="VarjoExample\GazeTracking.cpp">
      <Filter>ソース ファイル\VarjoExample</Filter>
    </ClCompile>
    <ClCompile Include="VarjoEyeTracking\EyeTrackingDataCsvWriter.cpp">
      <Filter>ソース ファイル\VarjoEyeTracking</Filter>
    </ClCompile>
    <ClCompile Include="VarjoEyeTracking\EyeTrackingDataLogger.cpp">
      <Filter>ソース ファイル\VarjoEyeTracking</Filter>
    </ClCompile>
  </ItemGroup>
  <ItemGroup>
    <ClInclude Include="util\filesystem_util.hpp">
      <Filter>ヘッダー ファイル\util</Filter>
    </ClInclude>
    <ClInclude Include="util\struct_json_io.hpp">
      <Filter>ヘッダー ファイル\util</Filter>
    </ClInclude>
    <ClInclude Include="util\vec_util.hpp">
      <Filter>ヘッダー ファイル\util</Filter>
    </ClInclude>
    <ClInclude Include="VarjoVSTFrame\varjo_vst_frame_type.hpp">
      <Filter>ヘッダー ファイル\VSTFrame</Filter>
    </ClInclude>
    <ClInclude Include="VarjoDataStreamServer.hpp">
      <Filter>ヘッダー ファイル\VSTFrame</Filter>
    </ClInclude>
    <ClInclude Include="VarjoVSTFrame\VarjoVSTCamStreamer.hpp">
      <Filter>ヘッダー ファイル\VSTFrame</Filter>
    </ClInclude>
    <ClInclude Include="VarjoVSTFrame\VarjoVSTMetadataWriter.hpp">
      <Filter>ヘッダー ファイル\VSTFrame</Filter>
    </ClInclude>
    <ClInclude Include="VarjoVSTFrame\VarjoVSTVideoPreviewer.hpp">
      <Filter>ヘッダー ファイル\VSTFrame</Filter>
    </ClInclude>
    <ClInclude Include="VarjoVSTFrame\VarjoVSTVideoWriter.hpp">
      <Filter>ヘッダー ファイル\VSTFrame</Filter>
    </ClInclude>
    <ClInclude Include="VarjoVSTFrame\VarjoVSTFrameDispatcher.hpp">
      <Filter>ヘッダー ファイル\VSTFrame</Filter>
    </ClInclude>
    <ClInclude Include="VarjoVSTFrame\DataLogger.hpp">
      <Filter>ヘッダー ファイル\VSTFrame</Filter>
    </ClInclude>
    <ClInclude Include="VarjoVSTFrame\ISubmitFrame.hpp">
      <Filter>ヘッダー ファイル\VSTFrame</Filter>
    </ClInclude>
    <ClInclude Include="util\BorrowedOrOwned.hpp">
      <Filter>ヘッダー ファイル\util</Filter>
    </ClInclude>
    <ClInclude Include="VarjoVSTFrame\utility.hpp">
      <Filter>ヘッダー ファイル\VSTFrame</Filter>
    </ClInclude>
    <ClInclude Include="util\PerformanceChecker.hpp">
      <Filter>ヘッダー ファイル</Filter>
    </ClInclude>
    <ClInclude Include="VarjoExample\DataStreamer.hpp">
      <Filter>ヘッダー ファイル\VarjoExample</Filter>
    </ClInclude>
    <ClInclude Include="VarjoExample\Globals.hpp">
      <Filter>ヘッダー ファイル\VarjoExample</Filter>
    </ClInclude>
    <ClInclude Include="VarjoExample\Session.hpp">
      <Filter>ヘッダー ファイル\VarjoExample</Filter>
    </ClInclude>
    <ClInclude Include="VarjoExample\Undistorter.hpp">
      <Filter>ヘッダー ファイル\VarjoExample</Filter>
    </ClInclude>
    <ClInclude Include="VarjoExample\GazeTracking.hpp">
      <Filter>ヘッダー ファイル\VarjoExample</Filter>
    </ClInclude>
    <ClInclude Include="VarjoEyeTracking\types.hpp">
      <Filter>ヘッダー ファイル\VarjoEyeTracking</Filter>
    </ClInclude>
    <ClInclude Include="VarjoEyeTracking\ISubmit.hpp">
      <Filter>ヘッダー ファイル\VarjoEyeTracking</Filter>
    </ClInclude>
    <ClInclude Include="VarjoEyeTracking\EyeTrackingDataCsvWriter.hpp">
      <Filter>ヘッダー ファイル\VarjoEyeTracking</Filter>
    </ClInclude>
    <ClInclude Include="VarjoEyeTracking\EyeTrackingDataLogger.hpp">
      <Filter>ヘッダー ファイル\VarjoEyeTracking</Filter>
    </ClInclude>
  </ItemGroup>
</Project>